
Microsoft Visual Studio Solution File, Format Version 12.00
# Visual Studio Version 16
VisualStudioVersion = 16.0.29326.143
MinimumVisualStudioVersion = 10.0.40219.1
Project("{FAE04EC0-301F-11D3-BF4B-00C04F79EFBC}") = "Estacionamiento", "Estacionamiento\Estacionamiento.csproj", "{6D1EB0EF-A93D-4D65-8CC5-04AABFBD96D3}"
EndProject
Global
	GlobalSection(SolutionConfigurationPlatforms) = preSolution
		Debug|Any CPU = Debug|Any CPU
		Release|Any CPU = Release|Any CPU
	EndGlobalSection
	GlobalSection(ProjectConfigurationPlatforms) = postSolution
		{6D1EB0EF-A93D-4D65-8CC5-04AABFBD96D3}.Debug|Any CPU.ActiveCfg = Debug|Any CPU
		{6D1EB0EF-A93D-4D65-8CC5-04AABFBD96D3}.Debug|Any CPU.Build.0 = Debug|Any CPU
		{6D1EB0EF-A93D-4D65-8CC5-04AABFBD96D3}.Release|Any CPU.ActiveCfg = Release|Any CPU
		{6D1EB0EF-A93D-4D65-8CC5-04AABFBD96D3}.Release|Any CPU.Build.0 = Release|Any CPU
	EndGlobalSection
	GlobalSection(SolutionProperties) = preSolution
		HideSolutionNode = FALSE
	EndGlobalSection
	GlobalSection(ExtensibilityGlobals) = postSolution
		SolutionGuid = {0E3AC485-9F23-4C3B-AA70-DD185A632181}
	EndGlobalSection
EndGlobal
